{
  "requires": true,
  "lockfileVersion": 1,
  "dependencies": {
    "bluebird": {
      "version": "3.5.3",
      "resolved": "https://registry.npmjs.org/bluebird/-/bluebird-3.5.3.tgz",
      "integrity": "sha512-/qKPUQlaW1OyR51WeCPBvRnAlnZFUJkCSG5HzGnuIqhgyJtF+T94lFnn33eiazjRm2LAHVy2guNnaq48X9SJuw=="
    },
    "csv-parse": {
      "version": "4.3.4",
      "resolved": "https://registry.npmjs.org/csv-parse/-/csv-parse-4.3.4.tgz",
      "integrity": "sha512-M1R4WL+vt81+GnkKzi0s1qQM6WXvHQKDecNkpozzAEG8LHvIW9bq5eBnOKFQn50fTuAos7JodBh/07MK+J6G2Q=="
    }
  }
}
